
Microsoft Visual Studio Solution File, Format Version 12.00
Project("{FAE04EC0-301F-11D3-BF4B-00C04F79EFBC}") = "FileExplorer", "FileExplorer\FileExplorer.csproj", "{369BC04B-0837-4ECB-A210-E1928EEB6B16}"
EndProject
Global
	GlobalSection(SolutionConfigurationPlatforms) = preSolution
		Debug|Any CPU = Debug|Any CPU
		Release|Any CPU = Release|Any CPU
	EndGlobalSection
	GlobalSection(ProjectConfigurationPlatforms) = postSolution
		{369BC04B-0837-4ECB-A210-E1928EEB6B16}.Debug|Any CPU.ActiveCfg = Debug|Any CPU
		{369BC04B-0837-4ECB-A210-E1928EEB6B16}.Debug|Any CPU.Build.0 = Debug|Any CPU
		{369BC04B-0837-4ECB-A210-E1928EEB6B16}.Release|Any CPU.ActiveCfg = Release|Any CPU
		{369BC04B-0837-4ECB-A210-E1928EEB6B16}.Release|Any CPU.Build.0 = Release|Any CPU
	EndGlobalSection
EndGlobal
