
Microsoft Visual Studio Solution File, Format Version 12.00
Project("{FAE04EC0-301F-11D3-BF4B-00C04F79EFBC}") = "FileExplorer.Tui", "FileExplorer.Tui\FileExplorer.Tui.csproj", "{369BC04B-0837-4ECB-A210-E1928EEB6B16}"
EndProject
Project("{FAE04EC0-301F-11D3-BF4B-00C04F79EFBC}") = "TuiLib", "..\CmdMenu\TuiLib\TuiLib.csproj", "{BF8C950D-6DA3-498B-AA90-6D4952B8CF8A}"
EndProject
Project("{FAE04EC0-301F-11D3-BF4B-00C04F79EFBC}") = "InputLib", "..\InputLib\InputLib\InputLib.csproj", "{1D406F30-2F47-4EE6-A2D6-277E11408D7E}"
EndProject
Project("{FAE04EC0-301F-11D3-BF4B-00C04F79EFBC}") = "MetadataGenerator", "..\MetadataGenerator\MetadataGenerator\MetadataGenerator.csproj", "{13BC8ACA-D0E0-4858-A253-01264D3A2EAB}"
EndProject
Project("{FAE04EC0-301F-11D3-BF4B-00C04F79EFBC}") = "FileLib", "..\FileLib\FileLib\FileLib.csproj", "{66B94691-7854-4509-837C-FAC52F1C0D7B}"
EndProject
Project("{FAE04EC0-301F-11D3-BF4B-00C04F79EFBC}") = "LoggerLib", "..\LoggerLib\LoggerLib\LoggerLib.csproj", "{4D160859-5E6F-4EDA-B9B0-F7E87A48CBC5}"
EndProject
Project("{2150E333-8FDC-42A3-9474-1A3956D46DE8}") = "Dependencies", "Dependencies", "{7DC91669-5BE8-4928-AE8B-95388CC50CB0}"
EndProject
Project("{FAE04EC0-301F-11D3-BF4B-00C04F79EFBC}") = "FileExplorer.Core", "FileExplorer.Core\FileExplorer.Core.csproj", "{156F2A01-E8E0-4B7D-8E6B-C133DF543380}"
EndProject
Project("{FAE04EC0-301F-11D3-BF4B-00C04F79EFBC}") = "FileExplorer.Gui", "FileExplorer.Gui\FileExplorer.Gui.csproj", "{A7695AD8-7F4D-4F92-B536-B895B9CA95A5}"
EndProject
Global
	GlobalSection(SolutionConfigurationPlatforms) = preSolution
		Debug|Any CPU = Debug|Any CPU
		Release|Any CPU = Release|Any CPU
	EndGlobalSection
	GlobalSection(ProjectConfigurationPlatforms) = postSolution
		{369BC04B-0837-4ECB-A210-E1928EEB6B16}.Debug|Any CPU.ActiveCfg = Debug|Any CPU
		{369BC04B-0837-4ECB-A210-E1928EEB6B16}.Debug|Any CPU.Build.0 = Debug|Any CPU
		{369BC04B-0837-4ECB-A210-E1928EEB6B16}.Release|Any CPU.ActiveCfg = Release|Any CPU
		{369BC04B-0837-4ECB-A210-E1928EEB6B16}.Release|Any CPU.Build.0 = Release|Any CPU
		{BF8C950D-6DA3-498B-AA90-6D4952B8CF8A}.Debug|Any CPU.ActiveCfg = Debug|Any CPU
		{BF8C950D-6DA3-498B-AA90-6D4952B8CF8A}.Debug|Any CPU.Build.0 = Debug|Any CPU
		{BF8C950D-6DA3-498B-AA90-6D4952B8CF8A}.Release|Any CPU.ActiveCfg = Release|Any CPU
		{BF8C950D-6DA3-498B-AA90-6D4952B8CF8A}.Release|Any CPU.Build.0 = Release|Any CPU
		{1D406F30-2F47-4EE6-A2D6-277E11408D7E}.Debug|Any CPU.ActiveCfg = Debug|Any CPU
		{1D406F30-2F47-4EE6-A2D6-277E11408D7E}.Debug|Any CPU.Build.0 = Debug|Any CPU
		{1D406F30-2F47-4EE6-A2D6-277E11408D7E}.Release|Any CPU.ActiveCfg = Release|Any CPU
		{1D406F30-2F47-4EE6-A2D6-277E11408D7E}.Release|Any CPU.Build.0 = Release|Any CPU
		{13BC8ACA-D0E0-4858-A253-01264D3A2EAB}.Debug|Any CPU.ActiveCfg = Debug|Any CPU
		{13BC8ACA-D0E0-4858-A253-01264D3A2EAB}.Debug|Any CPU.Build.0 = Debug|Any CPU
		{13BC8ACA-D0E0-4858-A253-01264D3A2EAB}.Release|Any CPU.ActiveCfg = Release|Any CPU
		{13BC8ACA-D0E0-4858-A253-01264D3A2EAB}.Release|Any CPU.Build.0 = Release|Any CPU
		{66B94691-7854-4509-837C-FAC52F1C0D7B}.Debug|Any CPU.ActiveCfg = Debug|Any CPU
		{66B94691-7854-4509-837C-FAC52F1C0D7B}.Debug|Any CPU.Build.0 = Debug|Any CPU
		{66B94691-7854-4509-837C-FAC52F1C0D7B}.Release|Any CPU.ActiveCfg = Release|Any CPU
		{66B94691-7854-4509-837C-FAC52F1C0D7B}.Release|Any CPU.Build.0 = Release|Any CPU
		{4D160859-5E6F-4EDA-B9B0-F7E87A48CBC5}.Debug|Any CPU.ActiveCfg = Debug|Any CPU
		{4D160859-5E6F-4EDA-B9B0-F7E87A48CBC5}.Debug|Any CPU.Build.0 = Debug|Any CPU
		{4D160859-5E6F-4EDA-B9B0-F7E87A48CBC5}.Release|Any CPU.ActiveCfg = Release|Any CPU
		{4D160859-5E6F-4EDA-B9B0-F7E87A48CBC5}.Release|Any CPU.Build.0 = Release|Any CPU
		{156F2A01-E8E0-4B7D-8E6B-C133DF543380}.Debug|Any CPU.ActiveCfg = Debug|Any CPU
		{156F2A01-E8E0-4B7D-8E6B-C133DF543380}.Debug|Any CPU.Build.0 = Debug|Any CPU
		{156F2A01-E8E0-4B7D-8E6B-C133DF543380}.Release|Any CPU.ActiveCfg = Release|Any CPU
		{156F2A01-E8E0-4B7D-8E6B-C133DF543380}.Release|Any CPU.Build.0 = Release|Any CPU
		{A7695AD8-7F4D-4F92-B536-B895B9CA95A5}.Debug|Any CPU.ActiveCfg = Debug|Any CPU
		{A7695AD8-7F4D-4F92-B536-B895B9CA95A5}.Debug|Any CPU.Build.0 = Debug|Any CPU
		{A7695AD8-7F4D-4F92-B536-B895B9CA95A5}.Release|Any CPU.ActiveCfg = Release|Any CPU
		{A7695AD8-7F4D-4F92-B536-B895B9CA95A5}.Release|Any CPU.Build.0 = Release|Any CPU
	EndGlobalSection
	GlobalSection(NestedProjects) = preSolution
		{66B94691-7854-4509-837C-FAC52F1C0D7B} = {7DC91669-5BE8-4928-AE8B-95388CC50CB0}
		{1D406F30-2F47-4EE6-A2D6-277E11408D7E} = {7DC91669-5BE8-4928-AE8B-95388CC50CB0}
		{4D160859-5E6F-4EDA-B9B0-F7E87A48CBC5} = {7DC91669-5BE8-4928-AE8B-95388CC50CB0}
		{13BC8ACA-D0E0-4858-A253-01264D3A2EAB} = {7DC91669-5BE8-4928-AE8B-95388CC50CB0}
		{BF8C950D-6DA3-498B-AA90-6D4952B8CF8A} = {7DC91669-5BE8-4928-AE8B-95388CC50CB0}
	EndGlobalSection
EndGlobal
